{
  "version": 4,
  "terraform_version": "1.6.3",
  "serial": 213,
  "lineage": "07e2e003-5b01-7276-a872-0aba8d987978",
  "outputs": {
    "external_ip_addresses": {
      "value": [
        "51.250.96.101",
        "51.250.26.193"
      ],
      "type": [
        "tuple",
        [
          "string",
          "string"
        ]
      ]
    },
    "internal_ip_addresses": {
      "value": [
        "192.168.10.5",
        "192.168.10.27"
      ],
      "type": [
        "tuple",
        [
          "string",
          "string"
        ]
      ]
    }
  },
  "resources": [
    {
      "mode": "managed",
      "type": "yandex_compute_instance",
      "name": "vm-instance",
      "provider": "provider[\"registry.terraform.io/yandex-cloud/yandex\"]",
      "instances": [
        {
          "index_key": 0,
          "schema_version": 1,
          "attributes": {
            "allow_recreate": null,
            "allow_stopping_for_update": null,
            "boot_disk": [
              {
                "auto_delete": true,
                "device_name": "epdvnkc11pg0pjpdgh0d",
                "disk_id": "epdvnkc11pg0pjpdgh0d",
                "initialize_params": [
                  {
                    "block_size": 4096,
                    "description": "",
                    "image_id": "fd81m6n1rh1v2mpjft86",
                    "name": "",
                    "size": 10,
                    "snapshot_id": "",
                    "type": "network-hdd"
                  }
                ],
                "mode": "READ_WRITE"
              }
            ],
            "created_at": "2023-11-04T23:38:03Z",
            "description": "",
            "filesystem": [],
            "folder_id": "b1g4tgdb5lg50tp1as52",
            "fqdn": "epdvd9eql7l9phi5c0m9.auto.internal",
            "gpu_cluster_id": "",
            "hostname": "",
            "id": "epdvd9eql7l9phi5c0m9",
            "labels": null,
            "local_disk": [],
            "metadata": {
              "user-data": " #cloud-config\n \n users:\n  - name: ruslanov\n    groups: sudo\n    shell: /bin/bash\n    sudo: ['ALL=(ALL) NOPASSWD:ALL']\n    ssh-authorized-keys:\n      - ssh-rsa AAAAB3NzaC1yc2EAAAADAQABAAABgQC9TodpYaxBpRttDP/pe0gQaUWJlsBxqgz/OvLjfBd+XPmX4MMHfj7mV5Ch+dfSpRWNpCMX7wyLRH3dMuhntd/RDSTUyFoUsgMmdLhYOUbE+qG1uadLwLQgVluLDBMCWxNIXtKqXhANYLEbi8CGbt04AHv3+MjLi0X9gbszbyl2cxFdCOBMBN95TXjnyVwrctY7oIz2LuQ0eWs1ZzlnblranBO5MTSMjEA4Aqbd0rkdBU+tnWbEeLp7iVRbTXXJv3mvMRkgKO0MjvTAppY4RwbY4k9vxB2jx9PhXuQHTC8obtxXqwyQ7pMM3KLB68MHyFTHnEvlYwvxuI5F3K1PG4yz9yR2Z6hS51rB2/olEaTqPA/TjqD4jDfiZEoLzUlxiKQHP7a9zaPzVo76kErCVZeInPPKla1c0IrBxygNNgvHggb7WIiwfmdSt/2/Zxf0Y7C782i5Ee9nj+reaOW8vuUnP0HUW+yWZ5Qt9kQq+ZazbeVjz1YycT/peazdQHoSTTs= ruslanov@vm10816"
            },
            "metadata_options": [
              {
                "aws_v1_http_endpoint": 1,
                "aws_v1_http_token": 2,
                "gce_http_endpoint": 1,
                "gce_http_token": 1
              }
            ],
            "name": "alma0",
            "network_acceleration_type": "standard",
            "network_interface": [
              {
                "dns_record": [],
                "index": 0,
                "ip_address": "192.168.10.5",
                "ipv4": true,
                "ipv6": false,
                "ipv6_address": "",
                "ipv6_dns_record": [],
                "mac_address": "d0:0d:1f:6a:5d:aa",
                "nat": true,
                "nat_dns_record": [],
                "nat_ip_address": "51.250.96.101",
                "nat_ip_version": "IPV4",
                "security_group_ids": [],
                "subnet_id": "e2lsgcr6qmeu6ag9pimf"
              }
            ],
            "placement_policy": [
              {
                "host_affinity_rules": [],
                "placement_group_id": ""
              }
            ],
            "platform_id": "standard-v2",
            "resources": [
              {
                "core_fraction": 5,
                "cores": 2,
                "gpus": 0,
                "memory": 2
              }
            ],
            "scheduling_policy": [
              {
                "preemptible": true
              }
            ],
            "secondary_disk": [],
            "service_account_id": "",
            "status": "running",
            "timeouts": null,
            "zone": "ru-central1-b"
          },
          "sensitive_attributes": [],
          "private": "eyJlMmJmYjczMC1lY2FhLTExZTYtOGY4OC0zNDM2M2JjN2M0YzAiOnsiY3JlYXRlIjozMDAwMDAwMDAwMDAsImRlbGV0ZSI6MzAwMDAwMDAwMDAwLCJ1cGRhdGUiOjMwMDAwMDAwMDAwMH0sInNjaGVtYV92ZXJzaW9uIjoiMSJ9",
          "dependencies": [
            "yandex_vpc_network.network-1",
            "yandex_vpc_subnet.subnet-1"
          ]
        },
        {
          "index_key": 1,
          "schema_version": 1,
          "attributes": {
            "allow_recreate": null,
            "allow_stopping_for_update": null,
            "boot_disk": [
              {
                "auto_delete": true,
                "device_name": "epdtdq188fsvu0pqqr3c",
                "disk_id": "epdtdq188fsvu0pqqr3c",
                "initialize_params": [
                  {
                    "block_size": 4096,
                    "description": "",
                    "image_id": "fd81m6n1rh1v2mpjft86",
                    "name": "",
                    "size": 10,
                    "snapshot_id": "",
                    "type": "network-hdd"
                  }
                ],
                "mode": "READ_WRITE"
              }
            ],
            "created_at": "2023-11-04T23:38:03Z",
            "description": "",
            "filesystem": [],
            "folder_id": "b1g4tgdb5lg50tp1as52",
            "fqdn": "epdg0ph6hrgl3vn2mrde.auto.internal",
            "gpu_cluster_id": "",
            "hostname": "",
            "id": "epdg0ph6hrgl3vn2mrde",
            "labels": null,
            "local_disk": [],
            "metadata": {
              "user-data": " #cloud-config\n \n users:\n  - name: ruslanov\n    groups: sudo\n    shell: /bin/bash\n    sudo: ['ALL=(ALL) NOPASSWD:ALL']\n    ssh-authorized-keys:\n      - ssh-rsa AAAAB3NzaC1yc2EAAAADAQABAAABgQC9TodpYaxBpRttDP/pe0gQaUWJlsBxqgz/OvLjfBd+XPmX4MMHfj7mV5Ch+dfSpRWNpCMX7wyLRH3dMuhntd/RDSTUyFoUsgMmdLhYOUbE+qG1uadLwLQgVluLDBMCWxNIXtKqXhANYLEbi8CGbt04AHv3+MjLi0X9gbszbyl2cxFdCOBMBN95TXjnyVwrctY7oIz2LuQ0eWs1ZzlnblranBO5MTSMjEA4Aqbd0rkdBU+tnWbEeLp7iVRbTXXJv3mvMRkgKO0MjvTAppY4RwbY4k9vxB2jx9PhXuQHTC8obtxXqwyQ7pMM3KLB68MHyFTHnEvlYwvxuI5F3K1PG4yz9yR2Z6hS51rB2/olEaTqPA/TjqD4jDfiZEoLzUlxiKQHP7a9zaPzVo76kErCVZeInPPKla1c0IrBxygNNgvHggb7WIiwfmdSt/2/Zxf0Y7C782i5Ee9nj+reaOW8vuUnP0HUW+yWZ5Qt9kQq+ZazbeVjz1YycT/peazdQHoSTTs= ruslanov@vm10816"
            },
            "metadata_options": [
              {
                "aws_v1_http_endpoint": 1,
                "aws_v1_http_token": 2,
                "gce_http_endpoint": 1,
                "gce_http_token": 1
              }
            ],
            "name": "alma1",
            "network_acceleration_type": "standard",
            "network_interface": [
              {
                "dns_record": [],
                "index": 0,
                "ip_address": "192.168.10.27",
                "ipv4": true,
                "ipv6": false,
                "ipv6_address": "",
                "ipv6_dns_record": [],
                "mac_address": "d0:0d:10:06:62:68",
                "nat": true,
                "nat_dns_record": [],
                "nat_ip_address": "51.250.26.193",
                "nat_ip_version": "IPV4",
                "security_group_ids": [],
                "subnet_id": "e2lsgcr6qmeu6ag9pimf"
              }
            ],
            "placement_policy": [
              {
                "host_affinity_rules": [],
                "placement_group_id": ""
              }
            ],
            "platform_id": "standard-v2",
            "resources": [
              {
                "core_fraction": 5,
                "cores": 2,
                "gpus": 0,
                "memory": 2
              }
            ],
            "scheduling_policy": [
              {
                "preemptible": true
              }
            ],
            "secondary_disk": [],
            "service_account_id": "",
            "status": "running",
            "timeouts": null,
            "zone": "ru-central1-b"
          },
          "sensitive_attributes": [],
          "private": "eyJlMmJmYjczMC1lY2FhLTExZTYtOGY4OC0zNDM2M2JjN2M0YzAiOnsiY3JlYXRlIjozMDAwMDAwMDAwMDAsImRlbGV0ZSI6MzAwMDAwMDAwMDAwLCJ1cGRhdGUiOjMwMDAwMDAwMDAwMH0sInNjaGVtYV92ZXJzaW9uIjoiMSJ9",
          "dependencies": [
            "yandex_vpc_network.network-1",
            "yandex_vpc_subnet.subnet-1"
          ]
        }
      ]
    },
    {
      "mode": "managed",
      "type": "yandex_lb_network_load_balancer",
      "name": "lb_network_load_balancer1",
      "provider": "provider[\"registry.terraform.io/yandex-cloud/yandex\"]",
      "instances": [
        {
          "schema_version": 0,
          "attributes": {
            "attached_target_group": [
              {
                "healthcheck": [
                  {
                    "healthy_threshold": 2,
                    "http_options": [
                      {
                        "path": "/index.html",
                        "port": 80
                      }
                    ],
                    "interval": 2,
                    "name": "http",
                    "tcp_options": [],
                    "timeout": 1,
                    "unhealthy_threshold": 2
                  }
                ],
                "target_group_id": "enpi8snu9or4lk4cjao5"
              }
            ],
            "created_at": "2023-11-04T23:38:49Z",
            "deletion_protection": false,
            "description": "",
            "folder_id": "b1g4tgdb5lg50tp1as52",
            "id": "enpb121mr2fk1idj150t",
            "labels": null,
            "listener": [
              {
                "external_address_spec": [
                  {
                    "address": "51.250.101.7",
                    "ip_version": "ipv4"
                  }
                ],
                "internal_address_spec": [],
                "name": "my-listener",
                "port": 80,
                "protocol": "tcp",
                "target_port": 80
              }
            ],
            "name": "my-network-load-balancer1",
            "region_id": "ru-central1",
            "timeouts": null,
            "type": "external"
          },
          "sensitive_attributes": [],
          "private": "eyJlMmJmYjczMC1lY2FhLTExZTYtOGY4OC0zNDM2M2JjN2M0YzAiOnsiY3JlYXRlIjozMDAwMDAwMDAwMDAsImRlbGV0ZSI6MzAwMDAwMDAwMDAwLCJ1cGRhdGUiOjMwMDAwMDAwMDAwMH19",
          "dependencies": [
            "yandex_compute_instance.vm-instance",
            "yandex_lb_target_group.lb_target_group1",
            "yandex_vpc_network.network-1",
            "yandex_vpc_subnet.subnet-1"
          ]
        }
      ]
    },
    {
      "mode": "managed",
      "type": "yandex_lb_target_group",
      "name": "lb_target_group1",
      "provider": "provider[\"registry.terraform.io/yandex-cloud/yandex\"]",
      "instances": [
        {
          "schema_version": 0,
          "attributes": {
            "created_at": "2023-11-04T23:38:46Z",
            "description": "",
            "folder_id": "b1g4tgdb5lg50tp1as52",
            "id": "enpi8snu9or4lk4cjao5",
            "labels": null,
            "name": "lb-target-group1",
            "region_id": "ru-central1",
            "target": [
              {
                "address": "192.168.10.27",
                "subnet_id": "e2lsgcr6qmeu6ag9pimf"
              },
              {
                "address": "192.168.10.5",
                "subnet_id": "e2lsgcr6qmeu6ag9pimf"
              }
            ],
            "timeouts": null
          },
          "sensitive_attributes": [],
          "private": "eyJlMmJmYjczMC1lY2FhLTExZTYtOGY4OC0zNDM2M2JjN2M0YzAiOnsiY3JlYXRlIjozMDAwMDAwMDAwMDAsImRlbGV0ZSI6MzAwMDAwMDAwMDAwLCJ1cGRhdGUiOjMwMDAwMDAwMDAwMH19",
          "dependencies": [
            "yandex_compute_instance.vm-instance",
            "yandex_vpc_network.network-1",
            "yandex_vpc_subnet.subnet-1"
          ]
        }
      ]
    },
    {
      "mode": "managed",
      "type": "yandex_vpc_network",
      "name": "network-1",
      "provider": "provider[\"registry.terraform.io/yandex-cloud/yandex\"]",
      "instances": [
        {
          "schema_version": 0,
          "attributes": {
            "created_at": "2023-11-04T23:37:59Z",
            "default_security_group_id": "enpkj1st437ndp8ion9p",
            "description": "",
            "folder_id": "b1g4tgdb5lg50tp1as52",
            "id": "enpop6o81ldtsimqv6mj",
            "labels": {},
            "name": "network1",
            "subnet_ids": [],
            "timeouts": null
          },
          "sensitive_attributes": [],
          "private": "eyJlMmJmYjczMC1lY2FhLTExZTYtOGY4OC0zNDM2M2JjN2M0YzAiOnsiY3JlYXRlIjo2MDAwMDAwMDAwMCwiZGVsZXRlIjo2MDAwMDAwMDAwMCwidXBkYXRlIjo2MDAwMDAwMDAwMH19"
        }
      ]
    },
    {
      "mode": "managed",
      "type": "yandex_vpc_subnet",
      "name": "subnet-1",
      "provider": "provider[\"registry.terraform.io/yandex-cloud/yandex\"]",
      "instances": [
        {
          "schema_version": 0,
          "attributes": {
            "created_at": "2023-11-04T23:38:02Z",
            "description": "",
            "dhcp_options": [],
            "folder_id": "b1g4tgdb5lg50tp1as52",
            "id": "e2lsgcr6qmeu6ag9pimf",
            "labels": {},
            "name": "subnet1",
            "network_id": "enpop6o81ldtsimqv6mj",
            "route_table_id": "",
            "timeouts": null,
            "v4_cidr_blocks": [
              "192.168.10.0/24"
            ],
            "v6_cidr_blocks": [],
            "zone": "ru-central1-b"
          },
          "sensitive_attributes": [],
          "private": "eyJlMmJmYjczMC1lY2FhLTExZTYtOGY4OC0zNDM2M2JjN2M0YzAiOnsiY3JlYXRlIjoxODAwMDAwMDAwMDAsImRlbGV0ZSI6MTgwMDAwMDAwMDAwLCJ1cGRhdGUiOjE4MDAwMDAwMDAwMH19",
          "dependencies": [
            "yandex_vpc_network.network-1"
          ]
        }
      ]
    }
  ],
  "check_results": null
}
